
Microsoft Visual Studio Solution File, Format Version 12.00
# Visual Studio Version 16
VisualStudioVersion = 16.0.32126.315
MinimumVisualStudioVersion = 10.0.40219.1
Project("{FAE04EC0-301F-11D3-BF4B-00C04F79EFBC}") = "ConsoleApp3", "ConsoleApp3.csproj", "{8CE94966-5DD5-4C6A-9130-47BFF83C503E}"
EndProject
Global
	GlobalSection(SolutionConfigurationPlatforms) = preSolution
		Debug|Any CPU = Debug|Any CPU
		Release|Any CPU = Release|Any CPU
	EndGlobalSection
	GlobalSection(ProjectConfigurationPlatforms) = postSolution
		{8CE94966-5DD5-4C6A-9130-47BFF83C503E}.Debug|Any CPU.ActiveCfg = Debug|Any CPU
		{8CE94966-5DD5-4C6A-9130-47BFF83C503E}.Debug|Any CPU.Build.0 = Debug|Any CPU
		{8CE94966-5DD5-4C6A-9130-47BFF83C503E}.Release|Any CPU.ActiveCfg = Release|Any CPU
		{8CE94966-5DD5-4C6A-9130-47BFF83C503E}.Release|Any CPU.Build.0 = Release|Any CPU
	EndGlobalSection
	GlobalSection(SolutionProperties) = preSolution
		HideSolutionNode = FALSE
	EndGlobalSection
	GlobalSection(ExtensibilityGlobals) = postSolution
		SolutionGuid = {3B9FC56F-E9FE-435D-AF39-C030D70A5CE8}
	EndGlobalSection
EndGlobal
